
Microsoft Visual Studio Solution File, Format Version 12.00
# Visual Studio 14
VisualStudioVersion = 14.0.25420.1
MinimumVisualStudioVersion = 10.0.40219.1
Project("{FAE04EC0-301F-11D3-BF4B-00C04F79EFBC}") = "MVCWeb", "MVCWeb\MVCWeb.csproj", "{F87B071D-AAF8-4496-9980-4AF00F190D2E}"
EndProject
Project("{2150E333-8FDC-42A3-9474-1A3956D46DE8}") = "Mvc", "Mvc", "{CAE95B9E-B0EC-472D-87E3-CD2DECF158D5}"
EndProject
Project("{FAE04EC0-301F-11D3-BF4B-00C04F79EFBC}") = "DAL", "DAL\DAL.csproj", "{D3C8D099-B55B-4956-B732-3A40FF327A47}"
EndProject
Project("{FAE04EC0-301F-11D3-BF4B-00C04F79EFBC}") = "BLL", "BLL\BLL.csproj", "{EDF8603C-E5FE-483A-86BF-C8A5EAD59235}"
EndProject
Project("{FAE04EC0-301F-11D3-BF4B-00C04F79EFBC}") = "Model", "Model\Model.csproj", "{5A12CD2C-A316-4F12-A635-08419B7CD077}"
EndProject
Project("{FAE04EC0-301F-11D3-BF4B-00C04F79EFBC}") = "UI", "UI\UI.csproj", "{D9AB7CD3-C12A-4ACB-A7B9-9FED568EED25}"
EndProject
Project("{FAE04EC0-301F-11D3-BF4B-00C04F79EFBC}") = "Common", "Common\Common.csproj", "{36383B3B-CF2F-439A-89D2-F7B7279915D4}"
EndProject
Project("{FAE04EC0-301F-11D3-BF4B-00C04F79EFBC}") = "LoginDemo", "LoginDemo\LoginDemo.csproj", "{D792F804-3385-4AEC-85F0-478FCC47B5EC}"
EndProject
Project("{FAE04EC0-301F-11D3-BF4B-00C04F79EFBC}") = "Test", "Test\Test.csproj", "{02B77E7D-2D00-4AD9-89F7-36CB5AE96FB4}"
EndProject
Global
	GlobalSection(SolutionConfigurationPlatforms) = preSolution
		Debug|Any CPU = Debug|Any CPU
		Release|Any CPU = Release|Any CPU
	EndGlobalSection
	GlobalSection(ProjectConfigurationPlatforms) = postSolution
		{F87B071D-AAF8-4496-9980-4AF00F190D2E}.Debug|Any CPU.ActiveCfg = Debug|Any CPU
		{F87B071D-AAF8-4496-9980-4AF00F190D2E}.Debug|Any CPU.Build.0 = Debug|Any CPU
		{F87B071D-AAF8-4496-9980-4AF00F190D2E}.Release|Any CPU.ActiveCfg = Release|Any CPU
		{F87B071D-AAF8-4496-9980-4AF00F190D2E}.Release|Any CPU.Build.0 = Release|Any CPU
		{D3C8D099-B55B-4956-B732-3A40FF327A47}.Debug|Any CPU.ActiveCfg = Debug|Any CPU
		{D3C8D099-B55B-4956-B732-3A40FF327A47}.Debug|Any CPU.Build.0 = Debug|Any CPU
		{D3C8D099-B55B-4956-B732-3A40FF327A47}.Release|Any CPU.ActiveCfg = Release|Any CPU
		{D3C8D099-B55B-4956-B732-3A40FF327A47}.Release|Any CPU.Build.0 = Release|Any CPU
		{EDF8603C-E5FE-483A-86BF-C8A5EAD59235}.Debug|Any CPU.ActiveCfg = Debug|Any CPU
		{EDF8603C-E5FE-483A-86BF-C8A5EAD59235}.Debug|Any CPU.Build.0 = Debug|Any CPU
		{EDF8603C-E5FE-483A-86BF-C8A5EAD59235}.Release|Any CPU.ActiveCfg = Release|Any CPU
		{EDF8603C-E5FE-483A-86BF-C8A5EAD59235}.Release|Any CPU.Build.0 = Release|Any CPU
		{5A12CD2C-A316-4F12-A635-08419B7CD077}.Debug|Any CPU.ActiveCfg = Debug|Any CPU
		{5A12CD2C-A316-4F12-A635-08419B7CD077}.Debug|Any CPU.Build.0 = Debug|Any CPU
		{5A12CD2C-A316-4F12-A635-08419B7CD077}.Release|Any CPU.ActiveCfg = Release|Any CPU
		{5A12CD2C-A316-4F12-A635-08419B7CD077}.Release|Any CPU.Build.0 = Release|Any CPU
		{D9AB7CD3-C12A-4ACB-A7B9-9FED568EED25}.Debug|Any CPU.ActiveCfg = Debug|Any CPU
		{D9AB7CD3-C12A-4ACB-A7B9-9FED568EED25}.Debug|Any CPU.Build.0 = Debug|Any CPU
		{D9AB7CD3-C12A-4ACB-A7B9-9FED568EED25}.Release|Any CPU.ActiveCfg = Release|Any CPU
		{D9AB7CD3-C12A-4ACB-A7B9-9FED568EED25}.Release|Any CPU.Build.0 = Release|Any CPU
		{36383B3B-CF2F-439A-89D2-F7B7279915D4}.Debug|Any CPU.ActiveCfg = Debug|Any CPU
		{36383B3B-CF2F-439A-89D2-F7B7279915D4}.Debug|Any CPU.Build.0 = Debug|Any CPU
		{36383B3B-CF2F-439A-89D2-F7B7279915D4}.Release|Any CPU.ActiveCfg = Release|Any CPU
		{36383B3B-CF2F-439A-89D2-F7B7279915D4}.Release|Any CPU.Build.0 = Release|Any CPU
		{D792F804-3385-4AEC-85F0-478FCC47B5EC}.Debug|Any CPU.ActiveCfg = Debug|Any CPU
		{D792F804-3385-4AEC-85F0-478FCC47B5EC}.Debug|Any CPU.Build.0 = Debug|Any CPU
		{D792F804-3385-4AEC-85F0-478FCC47B5EC}.Release|Any CPU.ActiveCfg = Release|Any CPU
		{D792F804-3385-4AEC-85F0-478FCC47B5EC}.Release|Any CPU.Build.0 = Release|Any CPU
		{02B77E7D-2D00-4AD9-89F7-36CB5AE96FB4}.Debug|Any CPU.ActiveCfg = Debug|Any CPU
		{02B77E7D-2D00-4AD9-89F7-36CB5AE96FB4}.Debug|Any CPU.Build.0 = Debug|Any CPU
		{02B77E7D-2D00-4AD9-89F7-36CB5AE96FB4}.Release|Any CPU.ActiveCfg = Release|Any CPU
		{02B77E7D-2D00-4AD9-89F7-36CB5AE96FB4}.Release|Any CPU.Build.0 = Release|Any CPU
	EndGlobalSection
	GlobalSection(SolutionProperties) = preSolution
		HideSolutionNode = FALSE
	EndGlobalSection
	GlobalSection(NestedProjects) = preSolution
		{D3C8D099-B55B-4956-B732-3A40FF327A47} = {CAE95B9E-B0EC-472D-87E3-CD2DECF158D5}
		{EDF8603C-E5FE-483A-86BF-C8A5EAD59235} = {CAE95B9E-B0EC-472D-87E3-CD2DECF158D5}
		{5A12CD2C-A316-4F12-A635-08419B7CD077} = {CAE95B9E-B0EC-472D-87E3-CD2DECF158D5}
		{D9AB7CD3-C12A-4ACB-A7B9-9FED568EED25} = {CAE95B9E-B0EC-472D-87E3-CD2DECF158D5}
		{36383B3B-CF2F-439A-89D2-F7B7279915D4} = {CAE95B9E-B0EC-472D-87E3-CD2DECF158D5}
	EndGlobalSection
EndGlobal
